
Microsoft Visual Studio Solution File, Format Version 12.00
# Visual Studio 2012
Project("{FAE04EC0-301F-11D3-BF4B-00C04F79EFBC}") = "Sales market application", "Sales market application\Sales market application.csproj", "{CA2C8A23-598E-4A3A-9298-00056A7C052C}"
EndProject
Global
	GlobalSection(SolutionConfigurationPlatforms) = preSolution
		Debug|Any CPU = Debug|Any CPU
		Release|Any CPU = Release|Any CPU
	EndGlobalSection
	GlobalSection(ProjectConfigurationPlatforms) = postSolution
		{CA2C8A23-598E-4A3A-9298-00056A7C052C}.Debug|Any CPU.ActiveCfg = Debug|Any CPU
		{CA2C8A23-598E-4A3A-9298-00056A7C052C}.Debug|Any CPU.Build.0 = Debug|Any CPU
		{CA2C8A23-598E-4A3A-9298-00056A7C052C}.Release|Any CPU.ActiveCfg = Release|Any CPU
		{CA2C8A23-598E-4A3A-9298-00056A7C052C}.Release|Any CPU.Build.0 = Release|Any CPU
	EndGlobalSection
	GlobalSection(SolutionProperties) = preSolution
		HideSolutionNode = FALSE
	EndGlobalSection
EndGlobal
